
Microsoft Visual Studio Solution File, Format Version 12.00
# Visual Studio Version 16
VisualStudioVersion = 16.0.30309.148
MinimumVisualStudioVersion = 10.0.40219.1
Project("{FAE04EC0-301F-11D3-BF4B-00C04F79EFBC}") = "Project_ASPNETMVC_2020", "Project_ASPNETMVC_2020\Project_ASPNETMVC_2020.csproj", "{D9E9EDF3-84EA-4A01-9F1C-29C5B42A1CEB}"
EndProject
Global
	GlobalSection(SolutionConfigurationPlatforms) = preSolution
		Debug|Any CPU = Debug|Any CPU
		Release|Any CPU = Release|Any CPU
	EndGlobalSection
	GlobalSection(ProjectConfigurationPlatforms) = postSolution
		{D9E9EDF3-84EA-4A01-9F1C-29C5B42A1CEB}.Debug|Any CPU.ActiveCfg = Debug|Any CPU
		{D9E9EDF3-84EA-4A01-9F1C-29C5B42A1CEB}.Debug|Any CPU.Build.0 = Debug|Any CPU
		{D9E9EDF3-84EA-4A01-9F1C-29C5B42A1CEB}.Release|Any CPU.ActiveCfg = Release|Any CPU
		{D9E9EDF3-84EA-4A01-9F1C-29C5B42A1CEB}.Release|Any CPU.Build.0 = Release|Any CPU
	EndGlobalSection
	GlobalSection(SolutionProperties) = preSolution
		HideSolutionNode = FALSE
	EndGlobalSection
	GlobalSection(ExtensibilityGlobals) = postSolution
		SolutionGuid = {81A2B318-35DD-4275-9338-745D4C89B5F8}
	EndGlobalSection
EndGlobal
